
Microsoft Visual Studio Solution File, Format Version 12.00
# Visual Studio Version 17
VisualStudioVersion = 17.8.34330.188
MinimumVisualStudioVersion = 10.0.40219.1
Project("{8BC9CEB8-8B4A-11D0-8D11-00A0C91BC942}") = "C++Mqtt", "C++Mqtt\C++Mqtt.vcxproj", "{4AF81B07-776E-4186-BED6-B31E58E19132}"
EndProject
Global
	GlobalSection(SolutionConfigurationPlatforms) = preSolution
		Debug|x64 = Debug|x64
		Debug|x86 = Debug|x86
		Release|x64 = Release|x64
		Release|x86 = Release|x86
	EndGlobalSection
	GlobalSection(ProjectConfigurationPlatforms) = postSolution
		{4AF81B07-776E-4186-BED6-B31E58E19132}.Debug|x64.ActiveCfg = Debug|x64
		{4AF81B07-776E-4186-BED6-B31E58E19132}.Debug|x64.Build.0 = Debug|x64
		{4AF81B07-776E-4186-BED6-B31E58E19132}.Debug|x86.ActiveCfg = Debug|Win32
		{4AF81B07-776E-4186-BED6-B31E58E19132}.Debug|x86.Build.0 = Debug|Win32
		{4AF81B07-776E-4186-BED6-B31E58E19132}.Release|x64.ActiveCfg = Release|x64
		{4AF81B07-776E-4186-BED6-B31E58E19132}.Release|x64.Build.0 = Release|x64
		{4AF81B07-776E-4186-BED6-B31E58E19132}.Release|x86.ActiveCfg = Release|Win32
		{4AF81B07-776E-4186-BED6-B31E58E19132}.Release|x86.Build.0 = Release|Win32
	EndGlobalSection
	GlobalSection(SolutionProperties) = preSolution
		HideSolutionNode = FALSE
	EndGlobalSection
	GlobalSection(ExtensibilityGlobals) = postSolution
		SolutionGuid = {B870CEF7-BDF9-4462-8B45-0D33C92EA41C}
	EndGlobalSection
EndGlobal
